// !$*UTF8*$!
{
	archiveVersion = 1;
	classes = {
	};
	objectVersion = 50;
	objects = {

/* Begin PBXBuildFile section */
		B54168AA25F5ECEA000FC52A /* NoteComposerView.swift in Sources */ = {isa = PBXBuildFile; fileRef = B54168A925F5ECEA000FC52A /* NoteComposerView.swift */; };
		B54168B725F6049B000FC52A /* NoteGroup.swift in Sources */ = {isa = PBXBuildFile; fileRef = B54168B625F6049B000FC52A /* NoteGroup.swift */; };
		B56D3C8025F5A91C00742E1C /* NotesAppApp.swift in Sources */ = {isa = PBXBuildFile; fileRef = B56D3C7F25F5A91C00742E1C /* NotesAppApp.swift */; };
		B56D3C8225F5A91C00742E1C /* ContentView.swift in Sources */ = {isa = PBXBuildFile; fileRef = B56D3C8125F5A91C00742E1C /* ContentView.swift */; };
		B56D3C8425F5A91E00742E1C /* Assets.xcassets in Resources */ = {isa = PBXBuildFile; fileRef = B56D3C8325F5A91E00742E1C /* Assets.xcassets */; };
		B56D3C8725F5A91E00742E1C /* Preview Assets.xcassets in Resources */ = {isa = PBXBuildFile; fileRef = B56D3C8625F5A91E00742E1C /* Preview Assets.xcassets */; };
		B56D3C9225F5A91E00742E1C /* NotesAppTests.swift in Sources */ = {isa = PBXBuildFile; fileRef = B56D3C9125F5A91E00742E1C /* NotesAppTests.swift */; };
		B56D3C9D25F5A91E00742E1C /* NotesAppUITests.swift in Sources */ = {isa = PBXBuildFile; fileRef = B56D3C9C25F5A91E00742E1C /* NotesAppUITests.swift */; };
		B56D3CAE25F5C27000742E1C /* Note.swift in Sources */ = {isa = PBXBuildFile; fileRef = B56D3CAD25F5C27000742E1C /* Note.swift */; };
		B56D3CB325F5C2AD00742E1C /* NoteRow.swift in Sources */ = {isa = PBXBuildFile; fileRef = B56D3CB225F5C2AD00742E1C /* NoteRow.swift */; };
/* End PBXBuildFile section */

/* Begin PBXContainerItemProxy section */
		B56D3C8E25F5A91E00742E1C /* PBXContainerItemProxy */ = {
			isa = PBXContainerItemProxy;
			containerPortal = B56D3C7425F5A91C00742E1C /* Project object */;
			proxyType = 1;
			remoteGlobalIDString = B56D3C7B25F5A91C00742E1C;
			remoteInfo = NotesApp;
		};
		B56D3C9925F5A91E00742E1C /* PBXContainerItemProxy */ = {
			isa = PBXContainerItemProxy;
			containerPortal = B56D3C7425F5A91C00742E1C /* Project object */;
			proxyType = 1;
			remoteGlobalIDString = B56D3C7B25F5A91C00742E1C;
			remoteInfo = NotesApp;
		};
/* End PBXContainerItemProxy section */

/* Begin PBXFileReference section */
		B54168A925F5ECEA000FC52A /* NoteComposerView.swift */ = {isa = PBXFileReference; lastKnownFileType = sourcecode.swift; path = NoteComposerView.swift; sourceTree = "<group>"; };
		B54168B625F6049B000FC52A /* NoteGroup.swift */ = {isa = PBXFileReference; lastKnownFileType = sourcecode.swift; path = NoteGroup.swift; sourceTree = "<group>"; };
		B56D3C7C25F5A91C00742E1C /* NotesApp.app */ = {isa = PBXFileReference; explicitFileType = wrapper.application; includeInIndex = 0; path = NotesApp.app; sourceTree = BUILT_PRODUCTS_DIR; };
		B56D3C7F25F5A91C00742E1C /* NotesAppApp.swift */ = {isa = PBXFileReference; lastKnownFileType = sourcecode.swift; path = NotesAppApp.swift; sourceTree = "<group>"; };
		B56D3C8125F5A91C00742E1C /* ContentView.swift */ = {isa = PBXFileReference; lastKnownFileType = sourcecode.swift; path = ContentView.swift; sourceTree = "<group>"; };
		B56D3C8325F5A91E00742E1C /* Assets.xcassets */ = {isa = PBXFileReference; lastKnownFileType = folder.assetcatalog; path = Assets.xcassets; sourceTree = "<group>"; };
		B56D3C8625F5A91E00742E1C /* Preview Assets.xcassets */ = {isa = PBXFileReference; lastKnownFileType = folder.assetcatalog; path = "Preview Assets.xcassets"; sourceTree = "<group>"; };
		B56D3C8825F5A91E00742E1C /* Info.plist */ = {isa = PBXFileReference; lastKnownFileType = text.plist.xml; path = Info.plist; sourceTree = "<group>"; };
		B56D3C8D25F5A91E00742E1C /* NotesAppTests.xctest */ = {isa = PBXFileReference; explicitFileType = wrapper.cfbundle; includeInIndex = 0; path = NotesAppTests.xctest; sourceTree = BUILT_PRODUCTS_DIR; };
		B56D3C9125F5A91E00742E1C /* NotesAppTests.swift */ = {isa = PBXFileReference; lastKnownFileType = sourcecode.swift; path = NotesAppTests.swift; sourceTree = "<group>"; };
		B56D3C9325F5A91E00742E1C /* Info.plist */ = {isa = PBXFileReference; lastKnownFileType = text.plist.xml; path = Info.plist; sourceTree = "<group>"; };
		B56D3C9825F5A91E00742E1C /* NotesAppUITests.xctest */ = {isa = PBXFileReference; explicitFileType = wrapper.cfbundle; includeInIndex = 0; path = NotesAppUITests.xctest; sourceTree = BUILT_PRODUCTS_DIR; };
		B56D3C9C25F5A91E00742E1C /* NotesAppUITests.swift */ = {isa = PBXFileReference; lastKnownFileType = sourcecode.swift; path = NotesAppUITests.swift; sourceTree = "<group>"; };
		B56D3C9E25F5A91E00742E1C /* Info.plist */ = {isa = PBXFileReference; lastKnownFileType = text.plist.xml; path = Info.plist; sourceTree = "<group>"; };
		B56D3CAD25F5C27000742E1C /* Note.swift */ = {isa = PBXFileReference; lastKnownFileType = sourcecode.swift; path = Note.swift; sourceTree = "<group>"; };
		B56D3CB225F5C2AD00742E1C /* NoteRow.swift */ = {isa = PBXFileReference; lastKnownFileType = sourcecode.swift; path = NoteRow.swift; sourceTree = "<group>"; };
/* End PBXFileReference section */

/* Begin PBXFrameworksBuildPhase section */
		B56D3C7925F5A91C00742E1C /* Frameworks */ = {
			isa = PBXFrameworksBuildPhase;
			buildActionMask = 2147483647;
			files = (
			);
			runOnlyForDeploymentPostprocessing = 0;
		};
		B56D3C8A25F5A91E00742E1C /* Frameworks */ = {
			isa = PBXFrameworksBuildPhase;
			buildActionMask = 2147483647;
			files = (
			);
			runOnlyForDeploymentPostprocessing = 0;
		};
		B56D3C9525F5A91E00742E1C /* Frameworks */ = {
			isa = PBXFrameworksBuildPhase;
			buildActionMask = 2147483647;
			files = (
			);
			runOnlyForDeploymentPostprocessing = 0;
		};
/* End PBXFrameworksBuildPhase section */

/* Begin PBXGroup section */
		B56D3C7325F5A91C00742E1C = {
			isa = PBXGroup;
			children = (
				B56D3C7E25F5A91C00742E1C /* NotesApp */,
				B56D3C9025F5A91E00742E1C /* NotesAppTests */,
				B56D3C9B25F5A91E00742E1C /* NotesAppUITests */,
				B56D3C7D25F5A91C00742E1C /* Products */,
			);
			sourceTree = "<group>";
		};
		B56D3C7D25F5A91C00742E1C /* Products */ = {
			isa = PBXGroup;
			children = (
				B56D3C7C25F5A91C00742E1C /* NotesApp.app */,
				B56D3C8D25F5A91E00742E1C /* NotesAppTests.xctest */,
				B56D3C9825F5A91E00742E1C /* NotesAppUITests.xctest */,
			);
			name = Products;
			sourceTree = "<group>";
		};
		B56D3C7E25F5A91C00742E1C /* NotesApp */ = {
			isa = PBXGroup;
			children = (
				B56D3C7F25F5A91C00742E1C /* NotesAppApp.swift */,
				B56D3CB825F5C93C00742E1C /* View */,
				B56D3CB725F5C92200742E1C /* Model */,
				B56D3C8325F5A91E00742E1C /* Assets.xcassets */,
				B56D3C8825F5A91E00742E1C /* Info.plist */,
				B56D3C8525F5A91E00742E1C /* Preview Content */,
			);
			path = NotesApp;
			sourceTree = "<group>";
		};
		B56D3C8525F5A91E00742E1C /* Preview Content */ = {
			isa = PBXGroup;
			children = (
				B56D3C8625F5A91E00742E1C /* Preview Assets.xcassets */,
			);
			path = "Preview Content";
			sourceTree = "<group>";
		};
		B56D3C9025F5A91E00742E1C /* NotesAppTests */ = {
			isa = PBXGroup;
			children = (
				B56D3C9125F5A91E00742E1C /* NotesAppTests.swift */,
				B56D3C9325F5A91E00742E1C /* Info.plist */,
			);
			path = NotesAppTests;
			sourceTree = "<group>";
		};
		B56D3C9B25F5A91E00742E1C /* NotesAppUITests */ = {
			isa = PBXGroup;
			children = (
				B56D3C9C25F5A91E00742E1C /* NotesAppUITests.swift */,
				B56D3C9E25F5A91E00742E1C /* Info.plist */,
			);
			path = NotesAppUITests;
			sourceTree = "<group>";
		};
		B56D3CB725F5C92200742E1C /* Model */ = {
			isa = PBXGroup;
			children = (
				B56D3CAD25F5C27000742E1C /* Note.swift */,
				B54168B625F6049B000FC52A /* NoteGroup.swift */,
			);
			path = Model;
			sourceTree = "<group>";
		};
		B56D3CB825F5C93C00742E1C /* View */ = {
			isa = PBXGroup;
			children = (
				B56D3CB225F5C2AD00742E1C /* NoteRow.swift */,
				B56D3C8125F5A91C00742E1C /* ContentView.swift */,
				B54168A925F5ECEA000FC52A /* NoteComposerView.swift */,
			);
			path = View;
			sourceTree = "<group>";
		};
/* End PBXGroup section */

/* Begin PBXNativeTarget section */
		B56D3C7B25F5A91C00742E1C /* NotesApp */ = {
			isa = PBXNativeTarget;
			buildConfigurationList = B56D3CA125F5A91E00742E1C /* Build configuration list for PBXNativeTarget "NotesApp" */;
			buildPhases = (
				B56D3C7825F5A91C00742E1C /* Sources */,
				B56D3C7925F5A91C00742E1C /* Frameworks */,
				B56D3C7A25F5A91C00742E1C /* Resources */,
			);
			buildRules = (
			);
			dependencies = (
			);
			name = NotesApp;
			productName = NotesApp;
			productReference = B56D3C7C25F5A91C00742E1C /* NotesApp.app */;
			productType = "com.apple.product-type.application";
		};
		B56D3C8C25F5A91E00742E1C /* NotesAppTests */ = {
			isa = PBXNativeTarget;
			buildConfigurationList = B56D3CA425F5A91E00742E1C /* Build configuration list for PBXNativeTarget "NotesAppTests" */;
			buildPhases = (
				B56D3C8925F5A91E00742E1C /* Sources */,
				B56D3C8A25F5A91E00742E1C /* Frameworks */,
				B56D3C8B25F5A91E00742E1C /* Resources */,
			);
			buildRules = (
			);
			dependencies = (
				B56D3C8F25F5A91E00742E1C /* PBXTargetDependency */,
			);
			name = NotesAppTests;
			productName = NotesAppTests;
			productReference = B56D3C8D25F5A91E00742E1C /* NotesAppTests.xctest */;
			productType = "com.apple.product-type.bundle.unit-test";
		};
		B56D3C9725F5A91E00742E1C /* NotesAppUITests */ = {
			isa = PBXNativeTarget;
			buildConfigurationList = B56D3CA725F5A91E00742E1C /* Build configuration list for PBXNativeTarget "NotesAppUITests" */;
			buildPhases = (
				B56D3C9425F5A91E00742E1C /* Sources */,
				B56D3C9525F5A91E00742E1C /* Frameworks */,
				B56D3C9625F5A91E00742E1C /* Resources */,
			);
			buildRules = (
			);
			dependencies = (
				B56D3C9A25F5A91E00742E1C /* PBXTargetDependency */,
			);
			name = NotesAppUITests;
			productName = NotesAppUITests;
			productReference = B56D3C9825F5A91E00742E1C /* NotesAppUITests.xctest */;
			productType = "com.apple.product-type.bundle.ui-testing";
		};
/* End PBXNativeTarget section */

/* Begin PBXProject section */
		B56D3C7425F5A91C00742E1C /* Project object */ = {
			isa = PBXProject;
			attributes = {
				LastSwiftUpdateCheck = 1240;
				LastUpgradeCheck = 1240;
				TargetAttributes = {
					B56D3C7B25F5A91C00742E1C = {
						CreatedOnToolsVersion = 12.4;
					};
					B56D3C8C25F5A91E00742E1C = {
						CreatedOnToolsVersion = 12.4;
						TestTargetID = B56D3C7B25F5A91C00742E1C;
					};
					B56D3C9725F5A91E00742E1C = {
						CreatedOnToolsVersion = 12.4;
						TestTargetID = B56D3C7B25F5A91C00742E1C;
					};
				};
			};
			buildConfigurationList = B56D3C7725F5A91C00742E1C /* Build configuration list for PBXProject "NotesApp" */;
			compatibilityVersion = "Xcode 9.3";
			developmentRegion = en;
			hasScannedForEncodings = 0;
			knownRegions = (
				en,
				Base,
			);
			mainGroup = B56D3C7325F5A91C00742E1C;
			productRefGroup = B56D3C7D25F5A91C00742E1C /* Products */;
			projectDirPath = "";
			projectRoot = "";
			targets = (
				B56D3C7B25F5A91C00742E1C /* NotesApp */,
				B56D3C8C25F5A91E00742E1C /* NotesAppTests */,
				B56D3C9725F5A91E00742E1C /* NotesAppUITests */,
			);
		};
/* End PBXProject section */

/* Begin PBXResourcesBuildPhase section */
		B56D3C7A25F5A91C00742E1C /* Resources */ = {
			isa = PBXResourcesBuildPhase;
			buildActionMask = 2147483647;
			files = (
				B56D3C8725F5A91E00742E1C /* Preview Assets.xcassets in Resources */,
				B56D3C8425F5A91E00742E1C /* Assets.xcassets in Resources */,
			);
			runOnlyForDeploymentPostprocessing = 0;
		};
		B56D3C8B25F5A91E00742E1C /* Resources */ = {
			isa = PBXResourcesBuildPhase;
			buildActionMask = 2147483647;
			files = (
			);
			runOnlyForDeploymentPostprocessing = 0;
		};
		B56D3C9625F5A91E00742E1C /* Resources */ = {
			isa = PBXResourcesBuildPhase;
			buildActionMask = 2147483647;
			files = (
			);
			runOnlyForDeploymentPostprocessing = 0;
		};
/* End PBXResourcesBuildPhase section */

/* Begin PBXSourcesBuildPhase section */
		B56D3C7825F5A91C00742E1C /* Sources */ = {
			isa = PBXSourcesBuildPhase;
			buildActionMask = 2147483647;
			files = (
				B56D3C8225F5A91C00742E1C /* ContentView.swift in Sources */,
				B54168AA25F5ECEA000FC52A /* NoteComposerView.swift in Sources */,
				B56D3C8025F5A91C00742E1C /* NotesAppApp.swift in Sources */,
				B54168B725F6049B000FC52A /* NoteGroup.swift in Sources */,
				B56D3CB325F5C2AD00742E1C /* NoteRow.swift in Sources */,
				B56D3CAE25F5C27000742E1C /* Note.swift in Sources */,
			);
			runOnlyForDeploymentPostprocessing = 0;
		};
		B56D3C8925F5A91E00742E1C /* Sources */ = {
			isa = PBXSourcesBuildPhase;
			buildActionMask = 2147483647;
			files = (
				B56D3C9225F5A91E00742E1C /* NotesAppTests.swift in Sources */,
			);
			runOnlyForDeploymentPostprocessing = 0;
		};
		B56D3C9425F5A91E00742E1C /* Sources */ = {
			isa = PBXSourcesBuildPhase;
			buildActionMask = 2147483647;
			files = (
				B56D3C9D25F5A91E00742E1C /* NotesAppUITests.swift in Sources */,
			);
			runOnlyForDeploymentPostprocessing = 0;
		};
/* End PBXSourcesBuildPhase section */

/* Begin PBXTargetDependency section */
		B56D3C8F25F5A91E00742E1C /* PBXTargetDependency */ = {
			isa = PBXTargetDependency;
			target = B56D3C7B25F5A91C00742E1C /* NotesApp */;
			targetProxy = B56D3C8E25F5A91E00742E1C /* PBXContainerItemProxy */;
		};
		B56D3C9A25F5A91E00742E1C /* PBXTargetDependency */ = {
			isa = PBXTargetDependency;
			target = B56D3C7B25F5A91C00742E1C /* NotesApp */;
			targetProxy = B56D3C9925F5A91E00742E1C /* PBXContainerItemProxy */;
		};
/* End PBXTargetDependency section */

/* Begin XCBuildConfiguration section */
		B56D3C9F25F5A91E00742E1C /* Debug */ = {
			isa = XCBuildConfiguration;
			buildSettings = {
				ALWAYS_SEARCH_USER_PATHS = NO;
				CLANG_ANALYZER_NONNULL = YES;
				CLANG_ANALYZER_NUMBER_OBJECT_CONVERSION = YES_AGGRESSIVE;
				CLANG_CXX_LANGUAGE_STANDARD = "gnu++14";
				CLANG_CXX_LIBRARY = "libc++";
				CLANG_ENABLE_MODULES = YES;
				CLANG_ENABLE_OBJC_ARC = YES;
				CLANG_ENABLE_OBJC_WEAK = YES;
				CLANG_WARN_BLOCK_CAPTURE_AUTORELEASING = YES;
				CLANG_WARN_BOOL_CONVERSION = YES;
				CLANG_WARN_COMMA = YES;
				CLANG_WARN_CONSTANT_CONVERSION = YES;
				CLANG_WARN_DEPRECATED_OBJC_IMPLEMENTATIONS = YES;
				CLANG_WARN_DIRECT_OBJC_ISA_USAGE = YES_ERROR;
				CLANG_WARN_DOCUMENTATION_COMMENTS = YES;
				CLANG_WARN_EMPTY_BODY = YES;
				CLANG_WARN_ENUM_CONVERSION = YES;
				CLANG_WARN_INFINITE_RECURSION = YES;
				CLANG_WARN_INT_CONVERSION = YES;
				CLANG_WARN_NON_LITERAL_NULL_CONVERSION = YES;
				CLANG_WARN_OBJC_IMPLICIT_RETAIN_SELF = YES;
				CLANG_WARN_OBJC_LITERAL_CONVERSION = YES;
				CLANG_WARN_OBJC_ROOT_CLASS = YES_ERROR;
				CLANG_WARN_QUOTED_INCLUDE_IN_FRAMEWORK_HEADER = YES;
				CLANG_WARN_RANGE_LOOP_ANALYSIS = YES;
				CLANG_WARN_STRICT_PROTOTYPES = YES;
				CLANG_WARN_SUSPICIOUS_MOVE = YES;
				CLANG_WARN_UNGUARDED_AVAILABILITY = YES_AGGRESSIVE;
				CLANG_WARN_UNREACHABLE_CODE = YES;
				CLANG_WARN__DUPLICATE_METHOD_MATCH = YES;
				COPY_PHASE_STRIP = NO;
				DEBUG_INFORMATION_FORMAT = dwarf;
				ENABLE_STRICT_OBJC_MSGSEND = YES;
				ENABLE_TESTABILITY = YES;
				GCC_C_LANGUAGE_STANDARD = gnu11;
				GCC_DYNAMIC_NO_PIC = NO;
				GCC_NO_COMMON_BLOCKS = YES;
				GCC_OPTIMIZATION_LEVEL = 0;
				GCC_PREPROCESSOR_DEFINITIONS = (
					"DEBUG=1",
					"$(inherited)",
				);
				GCC_WARN_64_TO_32_BIT_CONVERSION = YES;
				GCC_WARN_ABOUT_RETURN_TYPE = YES_ERROR;
				GCC_WARN_UNDECLARED_SELECTOR = YES;
				GCC_WARN_UNINITIALIZED_AUTOS = YES_AGGRESSIVE;
				GCC_WARN_UNUSED_FUNCTION = YES;
				GCC_WARN_UNUSED_VARIABLE = YES;
				IPHONEOS_DEPLOYMENT_TARGET = 14.4;
				MTL_ENABLE_DEBUG_INFO = INCLUDE_SOURCE;
				MTL_FAST_MATH = YES;
				ONLY_ACTIVE_ARCH = YES;
				SDKROOT = iphoneos;
				SWIFT_ACTIVE_COMPILATION_CONDITIONS = DEBUG;
				SWIFT_OPTIMIZATION_LEVEL = "-Onone";
			};
			name = Debug;
		};
		B56D3CA025F5A91E00742E1C /* Release */ = {
			isa = XCBuildConfiguration;
			buildSettings = {
				ALWAYS_SEARCH_USER_PATHS = NO;
				CLANG_ANALYZER_NONNULL = YES;
				CLANG_ANALYZER_NUMBER_OBJECT_CONVERSION = YES_AGGRESSIVE;
				CLANG_CXX_LANGUAGE_STANDARD = "gnu++14";
				CLANG_CXX_LIBRARY = "libc++";
				CLANG_ENABLE_MODULES = YES;
				CLANG_ENABLE_OBJC_ARC = YES;
				CLANG_ENABLE_OBJC_WEAK = YES;
				CLANG_WARN_BLOCK_CAPTURE_AUTORELEASING = YES;
				CLANG_WARN_BOOL_CONVERSION = YES;
				CLANG_WARN_COMMA = YES;
				CLANG_WARN_CONSTANT_CONVERSION = YES;
				CLANG_WARN_DEPRECATED_OBJC_IMPLEMENTATIONS = YES;
				CLANG_WARN_DIRECT_OBJC_ISA_USAGE = YES_ERROR;
				CLANG_WARN_DOCUMENTATION_COMMENTS = YES;
				CLANG_WARN_EMPTY_BODY = YES;
				CLANG_WARN_ENUM_CONVERSION = YES;
				CLANG_WARN_INFINITE_RECURSION = YES;
				CLANG_WARN_INT_CONVERSION = YES;
				CLANG_WARN_NON_LITERAL_NULL_CONVERSION = YES;
				CLANG_WARN_OBJC_IMPLICIT_RETAIN_SELF = YES;
				CLANG_WARN_OBJC_LITERAL_CONVERSION = YES;
				CLANG_WARN_OBJC_ROOT_CLASS = YES_ERROR;
				CLANG_WARN_QUOTED_INCLUDE_IN_FRAMEWORK_HEADER = YES;
				CLANG_WARN_RANGE_LOOP_ANALYSIS = YES;
				CLANG_WARN_STRICT_PROTOTYPES = YES;
				CLANG_WARN_SUSPICIOUS_MOVE = YES;
				CLANG_WARN_UNGUARDED_AVAILABILITY = YES_AGGRESSIVE;
				CLANG_WARN_UNREACHABLE_CODE = YES;
				CLANG_WARN__DUPLICATE_METHOD_MATCH = YES;
				COPY_PHASE_STRIP = NO;
				DEBUG_INFORMATION_FORMAT = "dwarf-with-dsym";
				ENABLE_NS_ASSERTIONS = NO;
				ENABLE_STRICT_OBJC_MSGSEND = YES;
				GCC_C_LANGUAGE_STANDARD = gnu11;
				GCC_NO_COMMON_BLOCKS = YES;
				GCC_WARN_64_TO_32_BIT_CONVERSION = YES;
				GCC_WARN_ABOUT_RETURN_TYPE = YES_ERROR;
				GCC_WARN_UNDECLARED_SELECTOR = YES;
				GCC_WARN_UNINITIALIZED_AUTOS = YES_AGGRESSIVE;
				GCC_WARN_UNUSED_FUNCTION = YES;
				GCC_WARN_UNUSED_VARIABLE = YES;
				IPHONEOS_DEPLOYMENT_TARGET = 14.4;
				MTL_ENABLE_DEBUG_INFO = NO;
				MTL_FAST_MATH = YES;
				SDKROOT = iphoneos;
				SWIFT_COMPILATION_MODE = wholemodule;
				SWIFT_OPTIMIZATION_LEVEL = "-O";
				VALIDATE_PRODUCT = YES;
			};
			name = Release;
		};
		B56D3CA225F5A91E00742E1C /* Debug */ = {
			isa = XCBuildConfiguration;
			buildSettings = {
				ASSETCATALOG_COMPILER_APPICON_NAME = AppIcon;
				ASSETCATALOG_COMPILER_GLOBAL_ACCENT_COLOR_NAME = AccentColor;
				CODE_SIGN_STYLE = Automatic;
				DEVELOPMENT_ASSET_PATHS = "\"NotesApp/Preview Content\"";
				DEVELOPMENT_TEAM = 8HFQKB87NS;
				ENABLE_PREVIEWS = YES;
				INFOPLIST_FILE = NotesApp/Info.plist;
				IPHONEOS_DEPLOYMENT_TARGET = 14.0;
				LD_RUNPATH_SEARCH_PATHS = (
					"$(inherited)",
					"@executable_path/Frameworks",
				);
				PRODUCT_BUNDLE_IDENTIFIER = "eric-sims.NotesApp";
				PRODUCT_NAME = "$(TARGET_NAME)";
				SWIFT_VERSION = 5.0;
				TARGETED_DEVICE_FAMILY = "1,2";
			};
			name = Debug;
		};
		B56D3CA325F5A91E00742E1C /* Release */ = {
			isa = XCBuildConfiguration;
			buildSettings = {
				ASSETCATALOG_COMPILER_APPICON_NAME = AppIcon;
				ASSETCATALOG_COMPILER_GLOBAL_ACCENT_COLOR_NAME = AccentColor;
				CODE_SIGN_STYLE = Automatic;
				DEVELOPMENT_ASSET_PATHS = "\"NotesApp/Preview Content\"";
				DEVELOPMENT_TEAM = 8HFQKB87NS;
				ENABLE_PREVIEWS = YES;
				INFOPLIST_FILE = NotesApp/Info.plist;
				IPHONEOS_DEPLOYMENT_TARGET = 14.0;
				LD_RUNPATH_SEARCH_PATHS = (
					"$(inherited)",
					"@executable_path/Frameworks",
				);
				PRODUCT_BUNDLE_IDENTIFIER = "eric-sims.NotesApp";
				PRODUCT_NAME = "$(TARGET_NAME)";
				SWIFT_VERSION = 5.0;
				TARGETED_DEVICE_FAMILY = "1,2";
			};
			name = Release;
		};
		B56D3CA525F5A91E00742E1C /* Debug */ = {
			isa = XCBuildConfiguration;
			buildSettings = {
				ALWAYS_EMBED_SWIFT_STANDARD_LIBRARIES = YES;
				BUNDLE_LOADER = "$(TEST_HOST)";
				CODE_SIGN_STYLE = Automatic;
				INFOPLIST_FILE = NotesAppTests/Info.plist;
				IPHONEOS_DEPLOYMENT_TARGET = 14.0;
				LD_RUNPATH_SEARCH_PATHS = (
					"$(inherited)",
					"@executable_path/Frameworks",
					"@loader_path/Frameworks",
				);
				PRODUCT_BUNDLE_IDENTIFIER = "eric-sims.NotesAppTests";
				PRODUCT_NAME = "$(TARGET_NAME)";
				SWIFT_VERSION = 5.0;
				TARGETED_DEVICE_FAMILY = "1,2";
				TEST_HOST = "$(BUILT_PRODUCTS_DIR)/NotesApp.app/NotesApp";
			};
			name = Debug;
		};
		B56D3CA625F5A91E00742E1C /* Release */ = {
			isa = XCBuildConfiguration;
			buildSettings = {
				ALWAYS_EMBED_SWIFT_STANDARD_LIBRARIES = YES;
				BUNDLE_LOADER = "$(TEST_HOST)";
				"CODE_SIGN_IDENTITY[sdk=macosx*]" = "Apple Development";
				CODE_SIGN_STYLE = Automatic;
				DEVELOPMENT_TEAM = 8HFQKB87NS;
				INFOPLIST_FILE = NotesAppTests/Info.plist;
				IPHONEOS_DEPLOYMENT_TARGET = 14.0;
				LD_RUNPATH_SEARCH_PATHS = (
					"$(inherited)",
					"@executable_path/Frameworks",
					"@loader_path/Frameworks",
				);
				PRODUCT_BUNDLE_IDENTIFIER = "eric-sims.NotesAppTests";
				PRODUCT_NAME = "$(TARGET_NAME)";
				SWIFT_VERSION = 5.0;
				TARGETED_DEVICE_FAMILY = "1,2";
				TEST_HOST = "$(BUILT_PRODUCTS_DIR)/NotesApp.app/NotesApp";
			};
			name = Release;
		};
		B56D3CA825F5A91E00742E1C /* Debug */ = {
			isa = XCBuildConfiguration;
			buildSettings = {
				ALWAYS_EMBED_SWIFT_STANDARD_LIBRARIES = YES;
				CODE_SIGN_STYLE = Automatic;
				INFOPLIST_FILE = NotesAppUITests/Info.plist;
				LD_RUNPATH_SEARCH_PATHS = (
					"$(inherited)",
					"@executable_path/Frameworks",
					"@loader_path/Frameworks",
				);
				PRODUCT_BUNDLE_IDENTIFIER = "eric-sims.NotesAppUITests";
				PRODUCT_NAME = "$(TARGET_NAME)";
				SWIFT_VERSION = 5.0;
				TARGETED_DEVICE_FAMILY = "1,2";
				TEST_TARGET_NAME = NotesApp;
			};
			name = Debug;
		};
		B56D3CA925F5A91E00742E1C /* Release */ = {
			isa = XCBuildConfiguration;
			buildSettings = {
				ALWAYS_EMBED_SWIFT_STANDARD_LIBRARIES = YES;
				CODE_SIGN_STYLE = Automatic;
				DEVELOPMENT_TEAM = 8HFQKB87NS;
				INFOPLIST_FILE = NotesAppUITests/Info.plist;
				LD_RUNPATH_SEARCH_PATHS = (
					"$(inherited)",
					"@executable_path/Frameworks",
					"@loader_path/Frameworks",
				);
				PRODUCT_BUNDLE_IDENTIFIER = "eric-sims.NotesAppUITests";
				PRODUCT_NAME = "$(TARGET_NAME)";
				SWIFT_VERSION = 5.0;
				TARGETED_DEVICE_FAMILY = "1,2";
				TEST_TARGET_NAME = NotesApp;
			};
			name = Release;
		};
/* End XCBuildConfiguration section */

/* Begin XCConfigurationList section */
		B56D3C7725F5A91C00742E1C /* Build configuration list for PBXProject "NotesApp" */ = {
			isa = XCConfigurationList;
			buildConfigurations = (
				B56D3C9F25F5A91E00742E1C /* Debug */,
				B56D3CA025F5A91E00742E1C /* Release */,
			);
			defaultConfigurationIsVisible = 0;
			defaultConfigurationName = Release;
		};
		B56D3CA125F5A91E00742E1C /* Build configuration list for PBXNativeTarget "NotesApp" */ = {
			isa = XCConfigurationList;
			buildConfigurations = (
				B56D3CA225F5A91E00742E1C /* Debug */,
				B56D3CA325F5A91E00742E1C /* Release */,
			);
			defaultConfigurationIsVisible = 0;
			defaultConfigurationName = Release;
		};
		B56D3CA425F5A91E00742E1C /* Build configuration list for PBXNativeTarget "NotesAppTests" */ = {
			isa = XCConfigurationList;
			buildConfigurations = (
				B56D3CA525F5A91E00742E1C /* Debug */,
				B56D3CA625F5A91E00742E1C /* Release */,
			);
			defaultConfigurationIsVisible = 0;
			defaultConfigurationName = Release;
		};
		B56D3CA725F5A91E00742E1C /* Build configuration list for PBXNativeTarget "NotesAppUITests" */ = {
			isa = XCConfigurationList;
			buildConfigurations = (
				B56D3CA825F5A91E00742E1C /* Debug */,
				B56D3CA925F5A91E00742E1C /* Release */,
			);
			defaultConfigurationIsVisible = 0;
			defaultConfigurationName = Release;
		};
/* End XCConfigurationList section */
	};
	rootObject = B56D3C7425F5A91C00742E1C /* Project object */;
}
